// !$*UTF8*$!
{
	archiveVersion = 1;
	classes = {
	};
	objectVersion = 77;
	objects = {

/* Begin PBXBuildFile section */
		FDC951092DFF65D900198F5C /* README.md in Sources */ = {isa = PBXBuildFile; fileRef = FDC951082DFF65C100198F5C /* README.md */; };
/* End PBXBuildFile section */

/* Begin PBXContainerItemProxy section */
		FDC950EC2DFF625800198F5C /* PBXContainerItemProxy */ = {
			isa = PBXContainerItemProxy;
			containerPortal = FDC950D12DFF625600198F5C /* Project object */;
			proxyType = 1;
			remoteGlobalIDString = FDC950D82DFF625600198F5C;
			remoteInfo = NextUpAI;
		};
		FDC950F62DFF625800198F5C /* PBXContainerItemProxy */ = {
			isa = PBXContainerItemProxy;
			containerPortal = FDC950D12DFF625600198F5C /* Project object */;
			proxyType = 1;
			remoteGlobalIDString = FDC950D82DFF625600198F5C;
			remoteInfo = NextUpAI;
		};
/* End PBXContainerItemProxy section */

/* Begin PBXFileReference section */
		FDC950D92DFF625600198F5C /* UpNextAI.app */ = {isa = PBXFileReference; explicitFileType = wrapper.application; includeInIndex = 0; path = UpNextAI.app; sourceTree = BUILT_PRODUCTS_DIR; };
		FDC950EB2DFF625800198F5C /* UpNextAITests.xctest */ = {isa = PBXFileReference; explicitFileType = wrapper.cfbundle; includeInIndex = 0; path = UpNextAITests.xctest; sourceTree = BUILT_PRODUCTS_DIR; };
		FDC950F52DFF625800198F5C /* UpNextAIUITests.xctest */ = {isa = PBXFileReference; explicitFileType = wrapper.cfbundle; includeInIndex = 0; path = UpNextAIUITests.xctest; sourceTree = BUILT_PRODUCTS_DIR; };
		FDC951082DFF65C100198F5C /* README.md */ = {isa = PBXFileReference; lastKnownFileType = net.daringfireball.markdown; path = README.md; sourceTree = "<group>"; };
/* End PBXFileReference section */

/* Begin PBXFileSystemSynchronizedBuildFileExceptionSet section */
		FDC951372E04D95500198F5C /* Exceptions for "UpNextAI" folder in "UpNextAI" target */ = {
			isa = PBXFileSystemSynchronizedBuildFileExceptionSet;
			membershipExceptions = (
				Info.plist,
			);
			target = FDC950D82DFF625600198F5C /* UpNextAI */;
		};
/* End PBXFileSystemSynchronizedBuildFileExceptionSet section */

/* Begin PBXFileSystemSynchronizedRootGroup section */
		FDC950DB2DFF625600198F5C /* UpNextAI */ = {
			isa = PBXFileSystemSynchronizedRootGroup;
			exceptions = (
				FDC951372E04D95500198F5C /* Exceptions for "UpNextAI" folder in "UpNextAI" target */,
			);
			path = UpNextAI;
			sourceTree = "<group>";
		};
		FDC950EE2DFF625800198F5C /* UpNextAITests */ = {
			isa = PBXFileSystemSynchronizedRootGroup;
			path = UpNextAITests;
			sourceTree = "<group>";
		};
		FDC950F82DFF625800198F5C /* UpNextAIUITests */ = {
			isa = PBXFileSystemSynchronizedRootGroup;
			path = UpNextAIUITests;
			sourceTree = "<group>";
		};
/* End PBXFileSystemSynchronizedRootGroup section */

/* Begin PBXFrameworksBuildPhase section */
		FDC950D62DFF625600198F5C /* Frameworks */ = {
			isa = PBXFrameworksBuildPhase;
			buildActionMask = 2147483647;
			files = (
			);
			runOnlyForDeploymentPostprocessing = 0;
		};
		FDC950E82DFF625800198F5C /* Frameworks */ = {
			isa = PBXFrameworksBuildPhase;
			buildActionMask = 2147483647;
			files = (
			);
			runOnlyForDeploymentPostprocessing = 0;
		};
		FDC950F22DFF625800198F5C /* Frameworks */ = {
			isa = PBXFrameworksBuildPhase;
			buildActionMask = 2147483647;
			files = (
			);
			runOnlyForDeploymentPostprocessing = 0;
		};
/* End PBXFrameworksBuildPhase section */

/* Begin PBXGroup section */
		FDC950D02DFF625600198F5C = {
			isa = PBXGroup;
			children = (
				FDC951082DFF65C100198F5C /* README.md */,
				FDC950DB2DFF625600198F5C /* UpNextAI */,
				FDC950EE2DFF625800198F5C /* UpNextAITests */,
				FDC950F82DFF625800198F5C /* UpNextAIUITests */,
				FDC950DA2DFF625600198F5C /* Products */,
			);
			sourceTree = "<group>";
		};
		FDC950DA2DFF625600198F5C /* Products */ = {
			isa = PBXGroup;
			children = (
				FDC950D92DFF625600198F5C /* UpNextAI.app */,
				FDC950EB2DFF625800198F5C /* UpNextAITests.xctest */,
				FDC950F52DFF625800198F5C /* UpNextAIUITests.xctest */,
			);
			name = Products;
			sourceTree = "<group>";
		};
/* End PBXGroup section */

/* Begin PBXNativeTarget section */
		FDC950D82DFF625600198F5C /* UpNextAI */ = {
			isa = PBXNativeTarget;
			buildConfigurationList = FDC950FF2DFF625800198F5C /* Build configuration list for PBXNativeTarget "UpNextAI" */;
			buildPhases = (
				FDC950D52DFF625600198F5C /* Sources */,
				FDC950D62DFF625600198F5C /* Frameworks */,
				FDC950D72DFF625600198F5C /* Resources */,
			);
			buildRules = (
			);
			dependencies = (
			);
			fileSystemSynchronizedGroups = (
				FDC950DB2DFF625600198F5C /* UpNextAI */,
			);
			name = UpNextAI;
			packageProductDependencies = (
			);
			productName = NextUpAI;
			productReference = FDC950D92DFF625600198F5C /* UpNextAI.app */;
			productType = "com.apple.product-type.application";
		};
		FDC950EA2DFF625800198F5C /* UpNextAITests */ = {
			isa = PBXNativeTarget;
			buildConfigurationList = FDC951022DFF625800198F5C /* Build configuration list for PBXNativeTarget "UpNextAITests" */;
			buildPhases = (
				FDC950E72DFF625800198F5C /* Sources */,
				FDC950E82DFF625800198F5C /* Frameworks */,
				FDC950E92DFF625800198F5C /* Resources */,
			);
			buildRules = (
			);
			dependencies = (
				FDC950ED2DFF625800198F5C /* PBXTargetDependency */,
			);
			fileSystemSynchronizedGroups = (
				FDC950EE2DFF625800198F5C /* UpNextAITests */,
			);
			name = UpNextAITests;
			packageProductDependencies = (
			);
			productName = NextUpAITests;
			productReference = FDC950EB2DFF625800198F5C /* UpNextAITests.xctest */;
			productType = "com.apple.product-type.bundle.unit-test";
		};
		FDC950F42DFF625800198F5C /* UpNextAIUITests */ = {
			isa = PBXNativeTarget;
			buildConfigurationList = FDC951052DFF625800198F5C /* Build configuration list for PBXNativeTarget "UpNextAIUITests" */;
			buildPhases = (
				FDC950F12DFF625800198F5C /* Sources */,
				FDC950F22DFF625800198F5C /* Frameworks */,
				FDC950F32DFF625800198F5C /* Resources */,
			);
			buildRules = (
			);
			dependencies = (
				FDC950F72DFF625800198F5C /* PBXTargetDependency */,
			);
			fileSystemSynchronizedGroups = (
				FDC950F82DFF625800198F5C /* UpNextAIUITests */,
			);
			name = UpNextAIUITests;
			packageProductDependencies = (
			);
			productName = NextUpAIUITests;
			productReference = FDC950F52DFF625800198F5C /* UpNextAIUITests.xctest */;
			productType = "com.apple.product-type.bundle.ui-testing";
		};
/* End PBXNativeTarget section */

/* Begin PBXProject section */
		FDC950D12DFF625600198F5C /* Project object */ = {
			isa = PBXProject;
			attributes = {
				BuildIndependentTargetsInParallel = 1;
				LastSwiftUpdateCheck = 1640;
				LastUpgradeCheck = 1640;
				TargetAttributes = {
					FDC950D82DFF625600198F5C = {
						CreatedOnToolsVersion = 16.4;
					};
					FDC950EA2DFF625800198F5C = {
						CreatedOnToolsVersion = 16.4;
						TestTargetID = FDC950D82DFF625600198F5C;
					};
					FDC950F42DFF625800198F5C = {
						CreatedOnToolsVersion = 16.4;
						TestTargetID = FDC950D82DFF625600198F5C;
					};
				};
			};
			buildConfigurationList = FDC950D42DFF625600198F5C /* Build configuration list for PBXProject "UpNextAI" */;
			developmentRegion = en;
			hasScannedForEncodings = 0;
			knownRegions = (
				en,
				Base,
			);
			mainGroup = FDC950D02DFF625600198F5C;
			minimizedProjectReferenceProxies = 1;
			preferredProjectObjectVersion = 77;
			productRefGroup = FDC950DA2DFF625600198F5C /* Products */;
			projectDirPath = "";
			projectRoot = "";
			targets = (
				FDC950D82DFF625600198F5C /* UpNextAI */,
				FDC950EA2DFF625800198F5C /* UpNextAITests */,
				FDC950F42DFF625800198F5C /* UpNextAIUITests */,
			);
		};
/* End PBXProject section */

/* Begin PBXResourcesBuildPhase section */
		FDC950D72DFF625600198F5C /* Resources */ = {
			isa = PBXResourcesBuildPhase;
			buildActionMask = 2147483647;
			files = (
			);
			runOnlyForDeploymentPostprocessing = 0;
		};
		FDC950E92DFF625800198F5C /* Resources */ = {
			isa = PBXResourcesBuildPhase;
			buildActionMask = 2147483647;
			files = (
			);
			runOnlyForDeploymentPostprocessing = 0;
		};
		FDC950F32DFF625800198F5C /* Resources */ = {
			isa = PBXResourcesBuildPhase;
			buildActionMask = 2147483647;
			files = (
			);
			runOnlyForDeploymentPostprocessing = 0;
		};
/* End PBXResourcesBuildPhase section */

/* Begin PBXSourcesBuildPhase section */
		FDC950D52DFF625600198F5C /* Sources */ = {
			isa = PBXSourcesBuildPhase;
			buildActionMask = 2147483647;
			files = (
				FDC951092DFF65D900198F5C /* README.md in Sources */,
			);
			runOnlyForDeploymentPostprocessing = 0;
		};
		FDC950E72DFF625800198F5C /* Sources */ = {
			isa = PBXSourcesBuildPhase;
			buildActionMask = 2147483647;
			files = (
			);
			runOnlyForDeploymentPostprocessing = 0;
		};
		FDC950F12DFF625800198F5C /* Sources */ = {
			isa = PBXSourcesBuildPhase;
			buildActionMask = 2147483647;
			files = (
			);
			runOnlyForDeploymentPostprocessing = 0;
		};
/* End PBXSourcesBuildPhase section */

/* Begin PBXTargetDependency section */
		FDC950ED2DFF625800198F5C /* PBXTargetDependency */ = {
			isa = PBXTargetDependency;
			target = FDC950D82DFF625600198F5C /* UpNextAI */;
			targetProxy = FDC950EC2DFF625800198F5C /* PBXContainerItemProxy */;
		};
		FDC950F72DFF625800198F5C /* PBXTargetDependency */ = {
			isa = PBXTargetDependency;
			target = FDC950D82DFF625600198F5C /* UpNextAI */;
			targetProxy = FDC950F62DFF625800198F5C /* PBXContainerItemProxy */;
		};
/* End PBXTargetDependency section */

/* Begin XCBuildConfiguration section */
		FDC950FD2DFF625800198F5C /* Debug */ = {
			isa = XCBuildConfiguration;
			buildSettings = {
				ALWAYS_SEARCH_USER_PATHS = NO;
				ASSETCATALOG_COMPILER_GENERATE_SWIFT_ASSET_SYMBOL_EXTENSIONS = YES;
				CLANG_ANALYZER_NONNULL = YES;
				CLANG_ANALYZER_NUMBER_OBJECT_CONVERSION = YES_AGGRESSIVE;
				CLANG_CXX_LANGUAGE_STANDARD = "gnu++20";
				CLANG_ENABLE_MODULES = YES;
				CLANG_ENABLE_OBJC_ARC = YES;
				CLANG_ENABLE_OBJC_WEAK = YES;
				CLANG_WARN_BLOCK_CAPTURE_AUTORELEASING = YES;
				CLANG_WARN_BOOL_CONVERSION = YES;
				CLANG_WARN_COMMA = YES;
				CLANG_WARN_CONSTANT_CONVERSION = YES;
				CLANG_WARN_DEPRECATED_OBJC_IMPLEMENTATIONS = YES;
				CLANG_WARN_DIRECT_OBJC_ISA_USAGE = YES_ERROR;
				CLANG_WARN_DOCUMENTATION_COMMENTS = YES;
				CLANG_WARN_EMPTY_BODY = YES;
				CLANG_WARN_ENUM_CONVERSION = YES;
				CLANG_WARN_INFINITE_RECURSION = YES;
				CLANG_WARN_INT_CONVERSION = YES;
				CLANG_WARN_NON_LITERAL_NULL_CONVERSION = YES;
				CLANG_WARN_OBJC_IMPLICIT_RETAIN_SELF = YES;
				CLANG_WARN_OBJC_LITERAL_CONVERSION = YES;
				CLANG_WARN_OBJC_ROOT_CLASS = YES_ERROR;
				CLANG_WARN_QUOTED_INCLUDE_IN_FRAMEWORK_HEADER = YES;
				CLANG_WARN_RANGE_LOOP_ANALYSIS = YES;
				CLANG_WARN_STRICT_PROTOTYPES = YES;
				CLANG_WARN_SUSPICIOUS_MOVE = YES;
				CLANG_WARN_UNGUARDED_AVAILABILITY = YES_AGGRESSIVE;
				CLANG_WARN_UNREACHABLE_CODE = YES;
				CLANG_WARN__DUPLICATE_METHOD_MATCH = YES;
				COPY_PHASE_STRIP = NO;
				DEBUG_INFORMATION_FORMAT = dwarf;
				DEVELOPMENT_TEAM = 7CTR9HN4L4;
				ENABLE_STRICT_OBJC_MSGSEND = YES;
				ENABLE_TESTABILITY = YES;
				ENABLE_USER_SCRIPT_SANDBOXING = YES;
				GCC_C_LANGUAGE_STANDARD = gnu17;
				GCC_DYNAMIC_NO_PIC = NO;
				GCC_NO_COMMON_BLOCKS = YES;
				GCC_OPTIMIZATION_LEVEL = 0;
				GCC_PREPROCESSOR_DEFINITIONS = (
					"DEBUG=1",
					"$(inherited)",
				);
				GCC_WARN_64_TO_32_BIT_CONVERSION = YES;
				GCC_WARN_ABOUT_RETURN_TYPE = YES_ERROR;
				GCC_WARN_UNDECLARED_SELECTOR = YES;
				GCC_WARN_UNINITIALIZED_AUTOS = YES_AGGRESSIVE;
				GCC_WARN_UNUSED_FUNCTION = YES;
				GCC_WARN_UNUSED_VARIABLE = YES;
				IPHONEOS_DEPLOYMENT_TARGET = 18.5;
				LOCALIZATION_PREFERS_STRING_CATALOGS = YES;
				MTL_ENABLE_DEBUG_INFO = INCLUDE_SOURCE;
				MTL_FAST_MATH = YES;
				ONLY_ACTIVE_ARCH = YES;
				SDKROOT = iphoneos;
				SWIFT_ACTIVE_COMPILATION_CONDITIONS = "DEBUG $(inherited)";
				SWIFT_OPTIMIZATION_LEVEL = "-Onone";
			};
			name = Debug;
		};
		FDC950FE2DFF625800198F5C /* Release */ = {
			isa = XCBuildConfiguration;
			buildSettings = {
				ALWAYS_SEARCH_USER_PATHS = NO;
				ASSETCATALOG_COMPILER_GENERATE_SWIFT_ASSET_SYMBOL_EXTENSIONS = YES;
				CLANG_ANALYZER_NONNULL = YES;
				CLANG_ANALYZER_NUMBER_OBJECT_CONVERSION = YES_AGGRESSIVE;
				CLANG_CXX_LANGUAGE_STANDARD = "gnu++20";
				CLANG_ENABLE_MODULES = YES;
				CLANG_ENABLE_OBJC_ARC = YES;
				CLANG_ENABLE_OBJC_WEAK = YES;
				CLANG_WARN_BLOCK_CAPTURE_AUTORELEASING = YES;
				CLANG_WARN_BOOL_CONVERSION = YES;
				CLANG_WARN_COMMA = YES;
				CLANG_WARN_CONSTANT_CONVERSION = YES;
				CLANG_WARN_DEPRECATED_OBJC_IMPLEMENTATIONS = YES;
				CLANG_WARN_DIRECT_OBJC_ISA_USAGE = YES_ERROR;
				CLANG_WARN_DOCUMENTATION_COMMENTS = YES;
				CLANG_WARN_EMPTY_BODY = YES;
				CLANG_WARN_ENUM_CONVERSION = YES;
				CLANG_WARN_INFINITE_RECURSION = YES;
				CLANG_WARN_INT_CONVERSION = YES;
				CLANG_WARN_NON_LITERAL_NULL_CONVERSION = YES;
				CLANG_WARN_OBJC_IMPLICIT_RETAIN_SELF = YES;
				CLANG_WARN_OBJC_LITERAL_CONVERSION = YES;
				CLANG_WARN_OBJC_ROOT_CLASS = YES_ERROR;
				CLANG_WARN_QUOTED_INCLUDE_IN_FRAMEWORK_HEADER = YES;
				CLANG_WARN_RANGE_LOOP_ANALYSIS = YES;
				CLANG_WARN_STRICT_PROTOTYPES = YES;
				CLANG_WARN_SUSPICIOUS_MOVE = YES;
				CLANG_WARN_UNGUARDED_AVAILABILITY = YES_AGGRESSIVE;
				CLANG_WARN_UNREACHABLE_CODE = YES;
				CLANG_WARN__DUPLICATE_METHOD_MATCH = YES;
				COPY_PHASE_STRIP = NO;
				DEBUG_INFORMATION_FORMAT = "dwarf-with-dsym";
				DEVELOPMENT_TEAM = 7CTR9HN4L4;
				ENABLE_NS_ASSERTIONS = NO;
				ENABLE_STRICT_OBJC_MSGSEND = YES;
				ENABLE_USER_SCRIPT_SANDBOXING = YES;
				GCC_C_LANGUAGE_STANDARD = gnu17;
				GCC_NO_COMMON_BLOCKS = YES;
				GCC_WARN_64_TO_32_BIT_CONVERSION = YES;
				GCC_WARN_ABOUT_RETURN_TYPE = YES_ERROR;
				GCC_WARN_UNDECLARED_SELECTOR = YES;
				GCC_WARN_UNINITIALIZED_AUTOS = YES_AGGRESSIVE;
				GCC_WARN_UNUSED_FUNCTION = YES;
				GCC_WARN_UNUSED_VARIABLE = YES;
				IPHONEOS_DEPLOYMENT_TARGET = 18.5;
				LOCALIZATION_PREFERS_STRING_CATALOGS = YES;
				MTL_ENABLE_DEBUG_INFO = NO;
				MTL_FAST_MATH = YES;
				SDKROOT = iphoneos;
				SWIFT_COMPILATION_MODE = wholemodule;
				VALIDATE_PRODUCT = YES;
			};
			name = Release;
		};
		FDC951002DFF625800198F5C /* Debug */ = {
			isa = XCBuildConfiguration;
			buildSettings = {
				ASSETCATALOG_COMPILER_APPICON_NAME = AppIcon;
				ASSETCATALOG_COMPILER_GLOBAL_ACCENT_COLOR_NAME = AccentColor;
				CODE_SIGN_STYLE = Automatic;
				CURRENT_PROJECT_VERSION = 1;
				DEVELOPMENT_TEAM = 7CTR9HN4L4;
				ENABLE_PREVIEWS = YES;
				GENERATE_INFOPLIST_FILE = YES;
				INFOPLIST_FILE = UpNextAI/Info.plist;
				INFOPLIST_KEY_UIApplicationSceneManifest_Generation = YES;
				INFOPLIST_KEY_UIApplicationSupportsIndirectInputEvents = YES;
				INFOPLIST_KEY_UILaunchScreen_Generation = YES;
				INFOPLIST_KEY_UISupportedInterfaceOrientations_iPad = "UIInterfaceOrientationPortrait UIInterfaceOrientationPortraitUpsideDown UIInterfaceOrientationLandscapeLeft UIInterfaceOrientationLandscapeRight";
				INFOPLIST_KEY_UISupportedInterfaceOrientations_iPhone = "UIInterfaceOrientationPortrait UIInterfaceOrientationLandscapeLeft UIInterfaceOrientationLandscapeRight";
				LD_RUNPATH_SEARCH_PATHS = (
					"$(inherited)",
					"@executable_path/Frameworks",
				);
				MARKETING_VERSION = 1.0;
				PRODUCT_BUNDLE_IDENTIFIER = com.isabelcuddihy.nextupai.NextUpAI;
				PRODUCT_NAME = "$(TARGET_NAME)";
				SWIFT_EMIT_LOC_STRINGS = YES;
				SWIFT_VERSION = 5.0;
				TARGETED_DEVICE_FAMILY = "1,2";
			};
			name = Debug;
		};
		FDC951012DFF625800198F5C /* Release */ = {
			isa = XCBuildConfiguration;
			buildSettings = {
				ASSETCATALOG_COMPILER_APPICON_NAME = AppIcon;
				ASSETCATALOG_COMPILER_GLOBAL_ACCENT_COLOR_NAME = AccentColor;
				CODE_SIGN_STYLE = Automatic;
				CURRENT_PROJECT_VERSION = 1;
				DEVELOPMENT_TEAM = 7CTR9HN4L4;
				ENABLE_PREVIEWS = YES;
				GENERATE_INFOPLIST_FILE = YES;
				INFOPLIST_FILE = UpNextAI/Info.plist;
				INFOPLIST_KEY_UIApplicationSceneManifest_Generation = YES;
				INFOPLIST_KEY_UIApplicationSupportsIndirectInputEvents = YES;
				INFOPLIST_KEY_UILaunchScreen_Generation = YES;
				INFOPLIST_KEY_UISupportedInterfaceOrientations_iPad = "UIInterfaceOrientationPortrait UIInterfaceOrientationPortraitUpsideDown UIInterfaceOrientationLandscapeLeft UIInterfaceOrientationLandscapeRight";
				INFOPLIST_KEY_UISupportedInterfaceOrientations_iPhone = "UIInterfaceOrientationPortrait UIInterfaceOrientationLandscapeLeft UIInterfaceOrientationLandscapeRight";
				LD_RUNPATH_SEARCH_PATHS = (
					"$(inherited)",
					"@executable_path/Frameworks",
				);
				MARKETING_VERSION = 1.0;
				PRODUCT_BUNDLE_IDENTIFIER = com.isabelcuddihy.nextupai.NextUpAI;
				PRODUCT_NAME = "$(TARGET_NAME)";
				SWIFT_EMIT_LOC_STRINGS = YES;
				SWIFT_VERSION = 5.0;
				TARGETED_DEVICE_FAMILY = "1,2";
			};
			name = Release;
		};
		FDC951032DFF625800198F5C /* Debug */ = {
			isa = XCBuildConfiguration;
			buildSettings = {
				BUNDLE_LOADER = "$(TEST_HOST)";
				CODE_SIGN_STYLE = Automatic;
				CURRENT_PROJECT_VERSION = 1;
				DEVELOPMENT_TEAM = 7CTR9HN4L4;
				GENERATE_INFOPLIST_FILE = YES;
				IPHONEOS_DEPLOYMENT_TARGET = 18.5;
				MARKETING_VERSION = 1.0;
				PRODUCT_BUNDLE_IDENTIFIER = com.isabelcuddihy.nextupai.NextUpAITests;
				PRODUCT_NAME = "$(TARGET_NAME)";
				SWIFT_EMIT_LOC_STRINGS = NO;
				SWIFT_VERSION = 5.0;
				TARGETED_DEVICE_FAMILY = "1,2";
				TEST_HOST = "$(BUILT_PRODUCTS_DIR)/NextUpAI.app/$(BUNDLE_EXECUTABLE_FOLDER_PATH)/NextUpAI";
			};
			name = Debug;
		};
		FDC951042DFF625800198F5C /* Release */ = {
			isa = XCBuildConfiguration;
			buildSettings = {
				BUNDLE_LOADER = "$(TEST_HOST)";
				CODE_SIGN_STYLE = Automatic;
				CURRENT_PROJECT_VERSION = 1;
				DEVELOPMENT_TEAM = 7CTR9HN4L4;
				GENERATE_INFOPLIST_FILE = YES;
				IPHONEOS_DEPLOYMENT_TARGET = 18.5;
				MARKETING_VERSION = 1.0;
				PRODUCT_BUNDLE_IDENTIFIER = com.isabelcuddihy.nextupai.NextUpAITests;
				PRODUCT_NAME = "$(TARGET_NAME)";
				SWIFT_EMIT_LOC_STRINGS = NO;
				SWIFT_VERSION = 5.0;
				TARGETED_DEVICE_FAMILY = "1,2";
				TEST_HOST = "$(BUILT_PRODUCTS_DIR)/NextUpAI.app/$(BUNDLE_EXECUTABLE_FOLDER_PATH)/NextUpAI";
			};
			name = Release;
		};
		FDC951062DFF625800198F5C /* Debug */ = {
			isa = XCBuildConfiguration;
			buildSettings = {
				CODE_SIGN_STYLE = Automatic;
				CURRENT_PROJECT_VERSION = 1;
				DEVELOPMENT_TEAM = 7CTR9HN4L4;
				GENERATE_INFOPLIST_FILE = YES;
				MARKETING_VERSION = 1.0;
				PRODUCT_BUNDLE_IDENTIFIER = com.isabelcuddihy.nextupai.NextUpAIUITests;
				PRODUCT_NAME = "$(TARGET_NAME)";
				SWIFT_EMIT_LOC_STRINGS = NO;
				SWIFT_VERSION = 5.0;
				TARGETED_DEVICE_FAMILY = "1,2";
				TEST_TARGET_NAME = NextUpAI;
			};
			name = Debug;
		};
		FDC951072DFF625800198F5C /* Release */ = {
			isa = XCBuildConfiguration;
			buildSettings = {
				CODE_SIGN_STYLE = Automatic;
				CURRENT_PROJECT_VERSION = 1;
				DEVELOPMENT_TEAM = 7CTR9HN4L4;
				GENERATE_INFOPLIST_FILE = YES;
				MARKETING_VERSION = 1.0;
				PRODUCT_BUNDLE_IDENTIFIER = com.isabelcuddihy.nextupai.NextUpAIUITests;
				PRODUCT_NAME = "$(TARGET_NAME)";
				SWIFT_EMIT_LOC_STRINGS = NO;
				SWIFT_VERSION = 5.0;
				TARGETED_DEVICE_FAMILY = "1,2";
				TEST_TARGET_NAME = NextUpAI;
			};
			name = Release;
		};
/* End XCBuildConfiguration section */

/* Begin XCConfigurationList section */
		FDC950D42DFF625600198F5C /* Build configuration list for PBXProject "UpNextAI" */ = {
			isa = XCConfigurationList;
			buildConfigurations = (
				FDC950FD2DFF625800198F5C /* Debug */,
				FDC950FE2DFF625800198F5C /* Release */,
			);
			defaultConfigurationIsVisible = 0;
			defaultConfigurationName = Release;
		};
		FDC950FF2DFF625800198F5C /* Build configuration list for PBXNativeTarget "UpNextAI" */ = {
			isa = XCConfigurationList;
			buildConfigurations = (
				FDC951002DFF625800198F5C /* Debug */,
				FDC951012DFF625800198F5C /* Release */,
			);
			defaultConfigurationIsVisible = 0;
			defaultConfigurationName = Release;
		};
		FDC951022DFF625800198F5C /* Build configuration list for PBXNativeTarget "UpNextAITests" */ = {
			isa = XCConfigurationList;
			buildConfigurations = (
				FDC951032DFF625800198F5C /* Debug */,
				FDC951042DFF625800198F5C /* Release */,
			);
			defaultConfigurationIsVisible = 0;
			defaultConfigurationName = Release;
		};
		FDC951052DFF625800198F5C /* Build configuration list for PBXNativeTarget "UpNextAIUITests" */ = {
			isa = XCConfigurationList;
			buildConfigurations = (
				FDC951062DFF625800198F5C /* Debug */,
				FDC951072DFF625800198F5C /* Release */,
			);
			defaultConfigurationIsVisible = 0;
			defaultConfigurationName = Release;
		};
/* End XCConfigurationList section */
	};
	rootObject = FDC950D12DFF625600198F5C /* Project object */;
}
